
Microsoft Visual Studio Solution File, Format Version 12.00
# Visual Studio Version 17
VisualStudioVersion = 17.10.34928.147
MinimumVisualStudioVersion = 10.0.40219.1
Project("{FAE04EC0-301F-11D3-BF4B-00C04F79EFBC}") = "BookKeeping", "BookKeeping\BookKeeping.csproj", "{59CFA4C1-378E-40DC-A41A-0F60E5DF216D}"
EndProject
Project("{FAE04EC0-301F-11D3-BF4B-00C04F79EFBC}") = "BookKeeping.Repository", "BookKeeping.Repository\BookKeeping.Repository.csproj", "{89A9CB60-D793-4184-B981-9A52D5FCBC7D}"
EndProject
Project("{FAE04EC0-301F-11D3-BF4B-00C04F79EFBC}") = "BookKeeping.Service", "BookKeeping.Service\BookKeeping.Service.csproj", "{AC9069C6-FA6A-4BDB-80FC-0C01001E47FD}"
EndProject
Global
	GlobalSection(SolutionConfigurationPlatforms) = preSolution
		Debug|Any CPU = Debug|Any CPU
		Release|Any CPU = Release|Any CPU
	EndGlobalSection
	GlobalSection(ProjectConfigurationPlatforms) = postSolution
		{59CFA4C1-378E-40DC-A41A-0F60E5DF216D}.Debug|Any CPU.ActiveCfg = Debug|Any CPU
		{59CFA4C1-378E-40DC-A41A-0F60E5DF216D}.Debug|Any CPU.Build.0 = Debug|Any CPU
		{59CFA4C1-378E-40DC-A41A-0F60E5DF216D}.Release|Any CPU.ActiveCfg = Release|Any CPU
		{59CFA4C1-378E-40DC-A41A-0F60E5DF216D}.Release|Any CPU.Build.0 = Release|Any CPU
		{89A9CB60-D793-4184-B981-9A52D5FCBC7D}.Debug|Any CPU.ActiveCfg = Debug|Any CPU
		{89A9CB60-D793-4184-B981-9A52D5FCBC7D}.Debug|Any CPU.Build.0 = Debug|Any CPU
		{89A9CB60-D793-4184-B981-9A52D5FCBC7D}.Release|Any CPU.ActiveCfg = Release|Any CPU
		{89A9CB60-D793-4184-B981-9A52D5FCBC7D}.Release|Any CPU.Build.0 = Release|Any CPU
		{AC9069C6-FA6A-4BDB-80FC-0C01001E47FD}.Debug|Any CPU.ActiveCfg = Debug|Any CPU
		{AC9069C6-FA6A-4BDB-80FC-0C01001E47FD}.Debug|Any CPU.Build.0 = Debug|Any CPU
		{AC9069C6-FA6A-4BDB-80FC-0C01001E47FD}.Release|Any CPU.ActiveCfg = Release|Any CPU
		{AC9069C6-FA6A-4BDB-80FC-0C01001E47FD}.Release|Any CPU.Build.0 = Release|Any CPU
	EndGlobalSection
	GlobalSection(SolutionProperties) = preSolution
		HideSolutionNode = FALSE
	EndGlobalSection
	GlobalSection(ExtensibilityGlobals) = postSolution
		SolutionGuid = {2E0DBB22-6125-47DC-A34C-8A5C9FF247BD}
	EndGlobalSection
EndGlobal
