
Microsoft Visual Studio Solution File, Format Version 12.00
# Visual Studio Version 17
VisualStudioVersion = 17.10.34928.147
MinimumVisualStudioVersion = 10.0.40219.1
Project("{9A19103F-16F7-4668-BE54-9A1E7A4F7556}") = "BookKeeping", "BookKeeping\BookKeeping.csproj", "{59CFA4C1-378E-40DC-A41A-0F60E5DF216D}"
EndProject
Project("{9A19103F-16F7-4668-BE54-9A1E7A4F7556}") = "BookKeeping.Repository", "BookKeeping.Repository\BookKeeping.Repository.csproj", "{89A9CB60-D793-4184-B981-9A52D5FCBC7D}"
EndProject
Project("{9A19103F-16F7-4668-BE54-9A1E7A4F7556}") = "BookKeeping.Service", "BookKeeping.Service\BookKeeping.Service.csproj", "{AC9069C6-FA6A-4BDB-80FC-0C01001E47FD}"
EndProject
Project("{9A19103F-16F7-4668-BE54-9A1E7A4F7556}") = "BookKeeping.RepositoryTests", "BookKeeping.RepositoryTests\BookKeeping.RepositoryTests.csproj", "{67E3F84C-DF51-43F1-8BED-4D01B018187D}"
EndProject
Project("{FAE04EC0-301F-11D3-BF4B-00C04F79EFBC}") = "BookingKeeping.Common", "BookingKeeping.Common\BookingKeeping.Common.csproj", "{A5559D53-4404-49F5-9839-05827673BDD0}"
EndProject
Global
	GlobalSection(SolutionConfigurationPlatforms) = preSolution
		Debug|Any CPU = Debug|Any CPU
		Release|Any CPU = Release|Any CPU
	EndGlobalSection
	GlobalSection(ProjectConfigurationPlatforms) = postSolution
		{59CFA4C1-378E-40DC-A41A-0F60E5DF216D}.Debug|Any CPU.ActiveCfg = Debug|Any CPU
		{59CFA4C1-378E-40DC-A41A-0F60E5DF216D}.Debug|Any CPU.Build.0 = Debug|Any CPU
		{59CFA4C1-378E-40DC-A41A-0F60E5DF216D}.Release|Any CPU.ActiveCfg = Release|Any CPU
		{59CFA4C1-378E-40DC-A41A-0F60E5DF216D}.Release|Any CPU.Build.0 = Release|Any CPU
		{89A9CB60-D793-4184-B981-9A52D5FCBC7D}.Debug|Any CPU.ActiveCfg = Debug|Any CPU
		{89A9CB60-D793-4184-B981-9A52D5FCBC7D}.Debug|Any CPU.Build.0 = Debug|Any CPU
		{89A9CB60-D793-4184-B981-9A52D5FCBC7D}.Release|Any CPU.ActiveCfg = Release|Any CPU
		{89A9CB60-D793-4184-B981-9A52D5FCBC7D}.Release|Any CPU.Build.0 = Release|Any CPU
		{AC9069C6-FA6A-4BDB-80FC-0C01001E47FD}.Debug|Any CPU.ActiveCfg = Debug|Any CPU
		{AC9069C6-FA6A-4BDB-80FC-0C01001E47FD}.Debug|Any CPU.Build.0 = Debug|Any CPU
		{AC9069C6-FA6A-4BDB-80FC-0C01001E47FD}.Release|Any CPU.ActiveCfg = Release|Any CPU
		{AC9069C6-FA6A-4BDB-80FC-0C01001E47FD}.Release|Any CPU.Build.0 = Release|Any CPU
		{67E3F84C-DF51-43F1-8BED-4D01B018187D}.Debug|Any CPU.ActiveCfg = Debug|Any CPU
		{67E3F84C-DF51-43F1-8BED-4D01B018187D}.Debug|Any CPU.Build.0 = Debug|Any CPU
		{67E3F84C-DF51-43F1-8BED-4D01B018187D}.Release|Any CPU.ActiveCfg = Release|Any CPU
		{67E3F84C-DF51-43F1-8BED-4D01B018187D}.Release|Any CPU.Build.0 = Release|Any CPU
		{A5559D53-4404-49F5-9839-05827673BDD0}.Debug|Any CPU.ActiveCfg = Debug|Any CPU
		{A5559D53-4404-49F5-9839-05827673BDD0}.Debug|Any CPU.Build.0 = Debug|Any CPU
		{A5559D53-4404-49F5-9839-05827673BDD0}.Release|Any CPU.ActiveCfg = Release|Any CPU
		{A5559D53-4404-49F5-9839-05827673BDD0}.Release|Any CPU.Build.0 = Release|Any CPU
	EndGlobalSection
	GlobalSection(SolutionProperties) = preSolution
		HideSolutionNode = FALSE
	EndGlobalSection
	GlobalSection(ExtensibilityGlobals) = postSolution
		SolutionGuid = {2E0DBB22-6125-47DC-A34C-8A5C9FF247BD}
	EndGlobalSection
EndGlobal
